
Microsoft Visual Studio Solution File, Format Version 12.00
# Visual Studio Version 17
VisualStudioVersion = 17.2.32519.379
MinimumVisualStudioVersion = 10.0.40219.1
Project("{FAE04EC0-301F-11D3-BF4B-00C04F79EFBC}") = "DataStucture I", "DataStucture\DataStucture I.csproj", "{B4DC0461-B726-451B-BD92-77C0EEA85DBA}"
EndProject
Global
	GlobalSection(SolutionConfigurationPlatforms) = preSolution
		Debug|Any CPU = Debug|Any CPU
		Release|Any CPU = Release|Any CPU
	EndGlobalSection
	GlobalSection(ProjectConfigurationPlatforms) = postSolution
		{B4DC0461-B726-451B-BD92-77C0EEA85DBA}.Debug|Any CPU.ActiveCfg = Debug|Any CPU
		{B4DC0461-B726-451B-BD92-77C0EEA85DBA}.Debug|Any CPU.Build.0 = Debug|Any CPU
		{B4DC0461-B726-451B-BD92-77C0EEA85DBA}.Release|Any CPU.ActiveCfg = Release|Any CPU
		{B4DC0461-B726-451B-BD92-77C0EEA85DBA}.Release|Any CPU.Build.0 = Release|Any CPU
	EndGlobalSection
	GlobalSection(SolutionProperties) = preSolution
		HideSolutionNode = FALSE
	EndGlobalSection
	GlobalSection(ExtensibilityGlobals) = postSolution
		SolutionGuid = {E628662B-05ED-4AA1-AFE7-DAD04040078D}
	EndGlobalSection
EndGlobal
