
Microsoft Visual Studio Solution File, Format Version 12.00
# Visual Studio Version 17
VisualStudioVersion = 17.2.32519.379
MinimumVisualStudioVersion = 10.0.40219.1
Project("{9A19103F-16F7-4668-BE54-9A1E7A4F7556}") = "DataStructure I", "DataStucture\DataStructure I.csproj", "{B4DC0461-B726-451B-BD92-77C0EEA85DBA}"
EndProject
Project("{2150E333-8FDC-42A3-9474-1A3956D46DE8}") = "LeetCode", "LeetCode", "{57C07E4E-7544-42AE-9C3B-463AD0045C52}"
EndProject
Project("{2150E333-8FDC-42A3-9474-1A3956D46DE8}") = "Course", "Course", "{C4621696-844D-4A31-B9C7-1711A12FC2FD}"
EndProject
Project("{FAE04EC0-301F-11D3-BF4B-00C04F79EFBC}") = "datastructure_course", "datastructure_course\datastructure_course.csproj", "{2A088EDF-A10C-4A63-90A0-B6C3FF6F9E75}"
EndProject
Global
	GlobalSection(SolutionConfigurationPlatforms) = preSolution
		Debug|Any CPU = Debug|Any CPU
		Release|Any CPU = Release|Any CPU
	EndGlobalSection
	GlobalSection(ProjectConfigurationPlatforms) = postSolution
		{B4DC0461-B726-451B-BD92-77C0EEA85DBA}.Debug|Any CPU.ActiveCfg = Debug|Any CPU
		{B4DC0461-B726-451B-BD92-77C0EEA85DBA}.Debug|Any CPU.Build.0 = Debug|Any CPU
		{B4DC0461-B726-451B-BD92-77C0EEA85DBA}.Release|Any CPU.ActiveCfg = Release|Any CPU
		{B4DC0461-B726-451B-BD92-77C0EEA85DBA}.Release|Any CPU.Build.0 = Release|Any CPU
		{2A088EDF-A10C-4A63-90A0-B6C3FF6F9E75}.Debug|Any CPU.ActiveCfg = Debug|Any CPU
		{2A088EDF-A10C-4A63-90A0-B6C3FF6F9E75}.Debug|Any CPU.Build.0 = Debug|Any CPU
		{2A088EDF-A10C-4A63-90A0-B6C3FF6F9E75}.Release|Any CPU.ActiveCfg = Release|Any CPU
		{2A088EDF-A10C-4A63-90A0-B6C3FF6F9E75}.Release|Any CPU.Build.0 = Release|Any CPU
	EndGlobalSection
	GlobalSection(SolutionProperties) = preSolution
		HideSolutionNode = FALSE
	EndGlobalSection
	GlobalSection(NestedProjects) = preSolution
		{B4DC0461-B726-451B-BD92-77C0EEA85DBA} = {57C07E4E-7544-42AE-9C3B-463AD0045C52}
		{2A088EDF-A10C-4A63-90A0-B6C3FF6F9E75} = {C4621696-844D-4A31-B9C7-1711A12FC2FD}
	EndGlobalSection
	GlobalSection(ExtensibilityGlobals) = postSolution
		SolutionGuid = {E628662B-05ED-4AA1-AFE7-DAD04040078D}
	EndGlobalSection
EndGlobal
